<?xml version="1.0" encoding="utf-8"?>
<Project ToolsVersion="4.0" xmlns="http://schemas.microsoft.com/developer/msbuild/2003">
  <ItemGroup>
    <Filter Include="Source Files">
      <UniqueIdentifier>{4FC737F1-C7A5-4376-A066-2A32D752A2FF}</UniqueIdentifier>
      <Extensions>cpp;c;cc;cxx;def;odl;idl;hpj;bat;asm;asmx</Extensions>
    </Filter>
    <Filter Include="Header Files">
      <UniqueIdentifier>{93995380-89BD-4b04-88EB-625FBE52EBFB}</UniqueIdentifier>
      <Extensions>h;hpp;hxx;hm;inl;inc;xsd</Extensions>
    </Filter>
    <Filter Include="Resource Files">
      <UniqueIdentifier>{67DA6AB6-F800-4c08-8B7A-83BB121AAD01}</UniqueIdentifier>
      <Extensions>rc;ico;cur;bmp;dlg;rc2;rct;bin;rgs;gif;jpg;jpeg;jpe;resx;tiff;tif;png;wav</Extensions>
    </Filter>
    <Filter Include="Shaders">
      <UniqueIdentifier>{ab938d1a-382b-492f-b0d1-4b39f51b6223}</UniqueIdentifier>
    </Filter>
    <Filter Include="Shaders\Fluid">
      <UniqueIdentifier>{7c531f04-5080-47da-91c0-bb15c395242f}</UniqueIdentifier>
    </Filter>
    <Filter Include="Shaders\Smokers">
      <UniqueIdentifier>{dff0e666-83a9-4213-9613-f5280855d5b9}</UniqueIdentifier>
    </Filter>
  </ItemGroup>
  <ItemGroup>
    <ClCompile Include="..\src\SlingshotSmokeApp.cpp">
      <Filter>Source Files</Filter>
    </ClCompile>
    <ClCompile Include="..\src\SlingshotSmokeApp.cpp">
      <Filter>Source Files</Filter>
    </ClCompile>
    <ClInclude Include="..\include\Resources.h">
      <Filter>Header Files</Filter>
    </ClInclude>
    <ClCompile Include="..\src\PingPongFBO.cpp">
      <Filter>Source Files</Filter>
    </ClCompile>
    <ClCompile Include="..\src\Fluid.cpp">
      <Filter>Source Files</Filter>
    </ClCompile>
    <ClCompile Include="..\src\Smoker.cpp">
      <Filter>Source Files</Filter>
    </ClCompile>
    <ClCompile Include="..\src\AudioSource.cpp">
      <Filter>Source Files</Filter>
    </ClCompile>
    <ClCompile Include="..\src\BottomSmoker.cpp">
      <Filter>Source Files</Filter>
    </ClCompile>
    <ClCompile Include="..\src\PositionSmoker.cpp">
      <Filter>Source Files</Filter>
    </ClCompile>
    <ClCompile Include="..\src\TransitionSmoker.cpp">
      <Filter>Source Files</Filter>
    </ClCompile>
  </ItemGroup>
  <ItemGroup>
    <ClInclude Include="..\include\Resources.h">
      <Filter>Header Files</Filter>
    </ClInclude>
    <ClInclude Include="..\src\Fluid.h">
      <Filter>Header Files</Filter>
    </ClInclude>
    <ClInclude Include="..\src\PingPongFBO.h">
      <Filter>Header Files</Filter>
    </ClInclude>
    <ClInclude Include="..\src\Smoker.h">
      <Filter>Header Files</Filter>
    </ClInclude>
    <ClInclude Include="..\src\AudioSource.h">
      <Filter>Header Files</Filter>
    </ClInclude>
    <ClInclude Include="..\src\BottomSmoker.h">
      <Filter>Header Files</Filter>
    </ClInclude>
    <ClInclude Include="..\src\PositionSmoker.h">
      <Filter>Header Files</Filter>
    </ClInclude>
    <ClInclude Include="..\src\TransitionSmoker.h">
      <Filter>Header Files</Filter>
    </ClInclude>
  </ItemGroup>
  <ItemGroup>
    <ResourceCompile Include="Resources.rc">
      <Filter>Resource Files</Filter>
    </ResourceCompile>
  </ItemGroup>
  <ItemGroup>
    <None Include="..\assets\passthru.vert">
      <Filter>Shaders</Filter>
    </None>
    <None Include="..\assets\fluid\advect.frag">
      <Filter>Shaders\Fluid</Filter>
    </None>
    <None Include="..\assets\fluid\advect_maccormack.frag">
      <Filter>Shaders\Fluid</Filter>
    </None>
    <None Include="..\assets\fluid\solve_pressure.frag">
      <Filter>Shaders\Fluid</Filter>
    </None>
    <None Include="..\assets\fluid\subtract_pressure.frag">
      <Filter>Shaders\Fluid</Filter>
    </None>
    <None Include="..\assets\fluid\velocity_divergence.frag">
      <Filter>Shaders\Fluid</Filter>
    </None>
    <None Include="..\assets\texture.frag">
      <Filter>Shaders</Filter>
    </None>
    <None Include="..\assets\smokers\position_drop.frag">
      <Filter>Shaders\Smokers</Filter>
    </None>
    <None Include="..\assets\smokers\smoke_draw.frag">
      <Filter>Shaders\Smokers</Filter>
    </None>
    <None Include="..\assets\smokers\smoke_forces.frag">
      <Filter>Shaders\Smokers</Filter>
    </None>
    <None Include="..\assets\smokers\line_drop.frag">
      <Filter>Shaders\Smokers</Filter>
    </None>
  </ItemGroup>
</Project>